
Microsoft Visual Studio Solution File, Format Version 12.00
# Visual Studio Version 17
VisualStudioVersion = 17.3.32804.467
MinimumVisualStudioVersion = 10.0.40219.1
Project("{9A19103F-16F7-4668-BE54-9A1E7A4F7556}") = "Core", "Core\Core.csproj", "{8D7CBF99-97A1-4B9D-B046-7A476A8CBF5F}"
EndProject
Project("{9A19103F-16F7-4668-BE54-9A1E7A4F7556}") = "DataAccess", "DataAccess\DataAccess.csproj", "{A5B2F8DD-D6F8-4C22-850E-C6AF8E7E8733}"
EndProject
Project("{9A19103F-16F7-4668-BE54-9A1E7A4F7556}") = "Entities", "Entities\Entities.csproj", "{1AB6CE0A-F02F-4233-BB73-B683C73F6ED7}"
EndProject
Project("{9A19103F-16F7-4668-BE54-9A1E7A4F7556}") = "WebApi", "WebApi\WebApi.csproj", "{90963A56-CF74-4231-93EA-7BC3426E24B6}"
EndProject
Project("{FAE04EC0-301F-11D3-BF4B-00C04F79EFBC}") = "Business", "Business\Business.csproj", "{06CF6A4A-DF84-4D93-8AD6-7CDA035348D0}"
EndProject
Global
	GlobalSection(SolutionConfigurationPlatforms) = preSolution
		Debug|Any CPU = Debug|Any CPU
		Release|Any CPU = Release|Any CPU
	EndGlobalSection
	GlobalSection(ProjectConfigurationPlatforms) = postSolution
		{8D7CBF99-97A1-4B9D-B046-7A476A8CBF5F}.Debug|Any CPU.ActiveCfg = Debug|Any CPU
		{8D7CBF99-97A1-4B9D-B046-7A476A8CBF5F}.Debug|Any CPU.Build.0 = Debug|Any CPU
		{8D7CBF99-97A1-4B9D-B046-7A476A8CBF5F}.Release|Any CPU.ActiveCfg = Release|Any CPU
		{8D7CBF99-97A1-4B9D-B046-7A476A8CBF5F}.Release|Any CPU.Build.0 = Release|Any CPU
		{A5B2F8DD-D6F8-4C22-850E-C6AF8E7E8733}.Debug|Any CPU.ActiveCfg = Debug|Any CPU
		{A5B2F8DD-D6F8-4C22-850E-C6AF8E7E8733}.Debug|Any CPU.Build.0 = Debug|Any CPU
		{A5B2F8DD-D6F8-4C22-850E-C6AF8E7E8733}.Release|Any CPU.ActiveCfg = Release|Any CPU
		{A5B2F8DD-D6F8-4C22-850E-C6AF8E7E8733}.Release|Any CPU.Build.0 = Release|Any CPU
		{1AB6CE0A-F02F-4233-BB73-B683C73F6ED7}.Debug|Any CPU.ActiveCfg = Debug|Any CPU
		{1AB6CE0A-F02F-4233-BB73-B683C73F6ED7}.Debug|Any CPU.Build.0 = Debug|Any CPU
		{1AB6CE0A-F02F-4233-BB73-B683C73F6ED7}.Release|Any CPU.ActiveCfg = Release|Any CPU
		{1AB6CE0A-F02F-4233-BB73-B683C73F6ED7}.Release|Any CPU.Build.0 = Release|Any CPU
		{90963A56-CF74-4231-93EA-7BC3426E24B6}.Debug|Any CPU.ActiveCfg = Debug|Any CPU
		{90963A56-CF74-4231-93EA-7BC3426E24B6}.Debug|Any CPU.Build.0 = Debug|Any CPU
		{90963A56-CF74-4231-93EA-7BC3426E24B6}.Release|Any CPU.ActiveCfg = Release|Any CPU
		{90963A56-CF74-4231-93EA-7BC3426E24B6}.Release|Any CPU.Build.0 = Release|Any CPU
		{06CF6A4A-DF84-4D93-8AD6-7CDA035348D0}.Debug|Any CPU.ActiveCfg = Debug|Any CPU
		{06CF6A4A-DF84-4D93-8AD6-7CDA035348D0}.Debug|Any CPU.Build.0 = Debug|Any CPU
		{06CF6A4A-DF84-4D93-8AD6-7CDA035348D0}.Release|Any CPU.ActiveCfg = Release|Any CPU
		{06CF6A4A-DF84-4D93-8AD6-7CDA035348D0}.Release|Any CPU.Build.0 = Release|Any CPU
	EndGlobalSection
	GlobalSection(SolutionProperties) = preSolution
		HideSolutionNode = FALSE
	EndGlobalSection
	GlobalSection(ExtensibilityGlobals) = postSolution
		SolutionGuid = {954DACCC-FADD-4086-B5CC-6E4587E1821E}
	EndGlobalSection
EndGlobal
